
Microsoft Visual Studio Solution File, Format Version 12.00
# Visual Studio Version 16
VisualStudioVersion = 16.0.31515.178
MinimumVisualStudioVersion = 10.0.40219.1
Project("{8BC9CEB8-8B4A-11D0-8D11-00A0C91BC942}") = "c_yuyan_study1", "c_yuyan_study1.vcxproj", "{C3164B49-750C-435E-82BB-96810CC8CB67}"
EndProject
Global
	GlobalSection(SolutionConfigurationPlatforms) = preSolution
		Debug|x64 = Debug|x64
		Debug|x86 = Debug|x86
		Release|x64 = Release|x64
		Release|x86 = Release|x86
	EndGlobalSection
	GlobalSection(ProjectConfigurationPlatforms) = postSolution
		{C3164B49-750C-435E-82BB-96810CC8CB67}.Debug|x64.ActiveCfg = Debug|x64
		{C3164B49-750C-435E-82BB-96810CC8CB67}.Debug|x64.Build.0 = Debug|x64
		{C3164B49-750C-435E-82BB-96810CC8CB67}.Debug|x86.ActiveCfg = Debug|Win32
		{C3164B49-750C-435E-82BB-96810CC8CB67}.Debug|x86.Build.0 = Debug|Win32
		{C3164B49-750C-435E-82BB-96810CC8CB67}.Release|x64.ActiveCfg = Release|x64
		{C3164B49-750C-435E-82BB-96810CC8CB67}.Release|x64.Build.0 = Release|x64
		{C3164B49-750C-435E-82BB-96810CC8CB67}.Release|x86.ActiveCfg = Release|Win32
		{C3164B49-750C-435E-82BB-96810CC8CB67}.Release|x86.Build.0 = Release|Win32
	EndGlobalSection
	GlobalSection(SolutionProperties) = preSolution
		HideSolutionNode = FALSE
	EndGlobalSection
	GlobalSection(ExtensibilityGlobals) = postSolution
		SolutionGuid = {E4ADCEA7-C1E6-4452-9C69-776DF447C79E}
	EndGlobalSection
EndGlobal
